github.com/hiroyky/go-glib v0.0.0-20230418112332-9aa5c05f0771 h1:9whMgG2H+SlISy3cnO5uoBaisfpWNHVj5vlQRacKQA8=
github.com/hiroyky/go-glib v0.0.0-20230418112332-9aa5c05f0771/go.mod h1:Wvdm4RfsH0og+07m8yrIDzRd1/l7KkRhgy3A3b/PWXk=
github.com/mattn/go-pointer v0.0.1/go.mod h1:2zXcozF6qYGgmsG+SeTZz3oAbFLdD3OWqnUbNvJZAlc=
